
Microsoft Visual Studio Solution File, Format Version 12.00
# Visual Studio Version 17
VisualStudioVersion = 17.5.33516.290
MinimumVisualStudioVersion = 10.0.40219.1
Project("{FAE04EC0-301F-11D3-BF4B-00C04F79EFBC}") = "XianXiaFightServer", "XianXiaFightServer\XianXiaFightServer.csproj", "{12A89445-6B45-4407-B4FA-36A01ACD7786}"
EndProject
Global
	GlobalSection(SolutionConfigurationPlatforms) = preSolution
		Debug|Any CPU = Debug|Any CPU
		Release|Any CPU = Release|Any CPU
	EndGlobalSection
	GlobalSection(ProjectConfigurationPlatforms) = postSolution
		{12A89445-6B45-4407-B4FA-36A01ACD7786}.Debug|Any CPU.ActiveCfg = Debug|Any CPU
		{12A89445-6B45-4407-B4FA-36A01ACD7786}.Debug|Any CPU.Build.0 = Debug|Any CPU
		{12A89445-6B45-4407-B4FA-36A01ACD7786}.Release|Any CPU.ActiveCfg = Release|Any CPU
		{12A89445-6B45-4407-B4FA-36A01ACD7786}.Release|Any CPU.Build.0 = Release|Any CPU
	EndGlobalSection
	GlobalSection(SolutionProperties) = preSolution
		HideSolutionNode = FALSE
	EndGlobalSection
	GlobalSection(ExtensibilityGlobals) = postSolution
		SolutionGuid = {912B9015-BDAD-480E-88B7-95C604A076E8}
	EndGlobalSection
EndGlobal
